// !$*UTF8*$!
{
	archiveVersion = 1;
	classes = {
	};
	objectVersion = 56;
	objects = {

/* Begin PBXBuildFile section */
		4C2F0AF22A83458100583A66 /* Extensions.swift in Sources */ = {isa = PBXBuildFile; fileRef = 4C2F0AF12A83458100583A66 /* Extensions.swift */; };
		4C6451892A6A170900A85FA7 /* AppDelegate.swift in Sources */ = {isa = PBXBuildFile; fileRef = 4C6451882A6A170900A85FA7 /* AppDelegate.swift */; };
		4C64518B2A6A170900A85FA7 /* SceneDelegate.swift in Sources */ = {isa = PBXBuildFile; fileRef = 4C64518A2A6A170900A85FA7 /* SceneDelegate.swift */; };
		4C64518D2A6A170900A85FA7 /* ViewController.swift in Sources */ = {isa = PBXBuildFile; fileRef = 4C64518C2A6A170900A85FA7 /* ViewController.swift */; };
		4C6451902A6A170A00A85FA7 /* Main.storyboard in Resources */ = {isa = PBXBuildFile; fileRef = 4C64518E2A6A170A00A85FA7 /* Main.storyboard */; };
		4C6451922A6A176300A85FA7 /* Assets.xcassets in Resources */ = {isa = PBXBuildFile; fileRef = 4C6451912A6A176300A85FA7 /* Assets.xcassets */; };
		4C6451952A6A176300A85FA7 /* LaunchScreen.storyboard in Resources */ = {isa = PBXBuildFile; fileRef = 4C6451932A6A176300A85FA7 /* LaunchScreen.storyboard */; };
		4C6451A02A6A1ED000A85FA7 /* CoinModel.swift in Sources */ = {isa = PBXBuildFile; fileRef = 4C64519F2A6A1ED000A85FA7 /* CoinModel.swift */; };
		4C6451A22A6A229800A85FA7 /* CurrentDataModel.swift in Sources */ = {isa = PBXBuildFile; fileRef = 4C6451A12A6A229800A85FA7 /* CurrentDataModel.swift */; };
		4C6451A42A6A303300A85FA7 /* MarketChartModel.swift in Sources */ = {isa = PBXBuildFile; fileRef = 4C6451A32A6A303300A85FA7 /* MarketChartModel.swift */; };
		4C6451A62A6A317400A85FA7 /* GraphicDataModel.swift in Sources */ = {isa = PBXBuildFile; fileRef = 4C6451A52A6A317400A85FA7 /* GraphicDataModel.swift */; };
		4C6451A82A6A31FF00A85FA7 /* GlobalModel.swift in Sources */ = {isa = PBXBuildFile; fileRef = 4C6451A72A6A31FF00A85FA7 /* GlobalModel.swift */; };
		4C6451AC2A6A341C00A85FA7 /* GeneticDataProvider.swift in Sources */ = {isa = PBXBuildFile; fileRef = 4C6451AB2A6A341C00A85FA7 /* GeneticDataProvider.swift */; };
		4C8B9A062A6B0BAF0012659D /* API.swift in Sources */ = {isa = PBXBuildFile; fileRef = 4C8B9A052A6B0BAF0012659D /* API.swift */; };
		4C8B9A082A6B0DB10012659D /* GeneticStore.swift in Sources */ = {isa = PBXBuildFile; fileRef = 4C8B9A072A6B0DB10012659D /* GeneticStore.swift */; };
/* End PBXBuildFile section */

/* Begin PBXFileReference section */
		4C2F0AF12A83458100583A66 /* Extensions.swift */ = {isa = PBXFileReference; lastKnownFileType = sourcecode.swift; path = Extensions.swift; sourceTree = "<group>"; };
		4C6451852A6A170900A85FA7 /* MarketCoins.app */ = {isa = PBXFileReference; explicitFileType = wrapper.application; includeInIndex = 0; path = MarketCoins.app; sourceTree = BUILT_PRODUCTS_DIR; };
		4C6451882A6A170900A85FA7 /* AppDelegate.swift */ = {isa = PBXFileReference; lastKnownFileType = sourcecode.swift; path = AppDelegate.swift; sourceTree = "<group>"; };
		4C64518A2A6A170900A85FA7 /* SceneDelegate.swift */ = {isa = PBXFileReference; lastKnownFileType = sourcecode.swift; path = SceneDelegate.swift; sourceTree = "<group>"; };
		4C64518C2A6A170900A85FA7 /* ViewController.swift */ = {isa = PBXFileReference; lastKnownFileType = sourcecode.swift; path = ViewController.swift; sourceTree = "<group>"; };
		4C64518F2A6A170A00A85FA7 /* Base */ = {isa = PBXFileReference; lastKnownFileType = file.storyboard; name = Base; path = Base.lproj/Main.storyboard; sourceTree = "<group>"; };
		4C6451912A6A176300A85FA7 /* Assets.xcassets */ = {isa = PBXFileReference; lastKnownFileType = folder.assetcatalog; path = Assets.xcassets; sourceTree = "<group>"; };
		4C6451942A6A176300A85FA7 /* Base */ = {isa = PBXFileReference; lastKnownFileType = file.storyboard; name = Base; path = Base.lproj/LaunchScreen.storyboard; sourceTree = "<group>"; };
		4C6451962A6A176300A85FA7 /* Info.plist */ = {isa = PBXFileReference; lastKnownFileType = text.plist.xml; path = Info.plist; sourceTree = "<group>"; };
		4C64519F2A6A1ED000A85FA7 /* CoinModel.swift */ = {isa = PBXFileReference; lastKnownFileType = sourcecode.swift; path = CoinModel.swift; sourceTree = "<group>"; };
		4C6451A12A6A229800A85FA7 /* CurrentDataModel.swift */ = {isa = PBXFileReference; lastKnownFileType = sourcecode.swift; path = CurrentDataModel.swift; sourceTree = "<group>"; };
		4C6451A32A6A303300A85FA7 /* MarketChartModel.swift */ = {isa = PBXFileReference; lastKnownFileType = sourcecode.swift; path = MarketChartModel.swift; sourceTree = "<group>"; };
		4C6451A52A6A317400A85FA7 /* GraphicDataModel.swift */ = {isa = PBXFileReference; lastKnownFileType = sourcecode.swift; path = GraphicDataModel.swift; sourceTree = "<group>"; };
		4C6451A72A6A31FF00A85FA7 /* GlobalModel.swift */ = {isa = PBXFileReference; lastKnownFileType = sourcecode.swift; path = GlobalModel.swift; sourceTree = "<group>"; };
		4C6451AB2A6A341C00A85FA7 /* GeneticDataProvider.swift */ = {isa = PBXFileReference; lastKnownFileType = sourcecode.swift; path = GeneticDataProvider.swift; sourceTree = "<group>"; };
		4C8B9A052A6B0BAF0012659D /* API.swift */ = {isa = PBXFileReference; lastKnownFileType = sourcecode.swift; path = API.swift; sourceTree = "<group>"; };
		4C8B9A072A6B0DB10012659D /* GeneticStore.swift */ = {isa = PBXFileReference; lastKnownFileType = sourcecode.swift; path = GeneticStore.swift; sourceTree = "<group>"; };
/* End PBXFileReference section */

/* Begin PBXFrameworksBuildPhase section */
		4C6451822A6A170900A85FA7 /* Frameworks */ = {
			isa = PBXFrameworksBuildPhase;
			buildActionMask = 2147483647;
			files = (
			);
			runOnlyForDeploymentPostprocessing = 0;
		};
/* End PBXFrameworksBuildPhase section */

/* Begin PBXGroup section */
		4C64517C2A6A170800A85FA7 = {
			isa = PBXGroup;
			children = (
				4C64519C2A6A1B5D00A85FA7 /* Domain */,
				4C6451872A6A170900A85FA7 /* MarketCoins */,
				4C6451862A6A170900A85FA7 /* Products */,
			);
			sourceTree = "<group>";
		};
		4C6451862A6A170900A85FA7 /* Products */ = {
			isa = PBXGroup;
			children = (
				4C6451852A6A170900A85FA7 /* MarketCoins.app */,
			);
			name = Products;
			sourceTree = "<group>";
		};
		4C6451872A6A170900A85FA7 /* MarketCoins */ = {
			isa = PBXGroup;
			children = (
				4C6451882A6A170900A85FA7 /* AppDelegate.swift */,
				4C64518A2A6A170900A85FA7 /* SceneDelegate.swift */,
				4C64518C2A6A170900A85FA7 /* ViewController.swift */,
				4C64518E2A6A170A00A85FA7 /* Main.storyboard */,
				4C6451912A6A176300A85FA7 /* Assets.xcassets */,
				4C6451932A6A176300A85FA7 /* LaunchScreen.storyboard */,
				4C6451962A6A176300A85FA7 /* Info.plist */,
				4C2F0AF12A83458100583A66 /* Extensions.swift */,
			);
			path = MarketCoins;
			sourceTree = "<group>";
		};
		4C64519C2A6A1B5D00A85FA7 /* Domain */ = {
			isa = PBXGroup;
			children = (
				4C64519E2A6A1C9900A85FA7 /* Models */,
				4C64519D2A6A1BD000A85FA7 /* DataProvider */,
			);
			path = Domain;
			sourceTree = "<group>";
		};
		4C64519D2A6A1BD000A85FA7 /* DataProvider */ = {
			isa = PBXGroup;
			children = (
				4C6451AA2A6A33D400A85FA7 /* NetworkRepository */,
				4C6451AB2A6A341C00A85FA7 /* GeneticDataProvider.swift */,
			);
			path = DataProvider;
			sourceTree = "<group>";
		};
		4C64519E2A6A1C9900A85FA7 /* Models */ = {
			isa = PBXGroup;
			children = (
				4C64519F2A6A1ED000A85FA7 /* CoinModel.swift */,
				4C6451A12A6A229800A85FA7 /* CurrentDataModel.swift */,
				4C6451A32A6A303300A85FA7 /* MarketChartModel.swift */,
				4C6451A52A6A317400A85FA7 /* GraphicDataModel.swift */,
				4C6451A72A6A31FF00A85FA7 /* GlobalModel.swift */,
			);
			path = Models;
			sourceTree = "<group>";
		};
		4C6451AA2A6A33D400A85FA7 /* NetworkRepository */ = {
			isa = PBXGroup;
			children = (
				4C8B9A042A6B0B770012659D /* Store */,
				4C8B9A032A6B0B5D0012659D /* Router */,
				4C8B9A022A6B0B4F0012659D /* API */,
			);
			path = NetworkRepository;
			sourceTree = "<group>";
		};
		4C8B9A022A6B0B4F0012659D /* API */ = {
			isa = PBXGroup;
			children = (
				4C8B9A052A6B0BAF0012659D /* API.swift */,
			);
			path = API;
			sourceTree = "<group>";
		};
		4C8B9A032A6B0B5D0012659D /* Router */ = {
			isa = PBXGroup;
			children = (
			);
			path = Router;
			sourceTree = "<group>";
		};
		4C8B9A042A6B0B770012659D /* Store */ = {
			isa = PBXGroup;
			children = (
				4C8B9A072A6B0DB10012659D /* GeneticStore.swift */,
			);
			path = Store;
			sourceTree = "<group>";
		};
/* End PBXGroup section */

/* Begin PBXNativeTarget section */
		4C6451842A6A170900A85FA7 /* MarketCoins */ = {
			isa = PBXNativeTarget;
			buildConfigurationList = 4C6451992A6A176300A85FA7 /* Build configuration list for PBXNativeTarget "MarketCoins" */;
			buildPhases = (
				4C6451812A6A170900A85FA7 /* Sources */,
				4C6451822A6A170900A85FA7 /* Frameworks */,
				4C6451832A6A170900A85FA7 /* Resources */,
			);
			buildRules = (
			);
			dependencies = (
			);
			name = MarketCoins;
			productName = MarketCoins;
			productReference = 4C6451852A6A170900A85FA7 /* MarketCoins.app */;
			productType = "com.apple.product-type.application";
		};
/* End PBXNativeTarget section */

/* Begin PBXProject section */
		4C64517D2A6A170800A85FA7 /* Project object */ = {
			isa = PBXProject;
			attributes = {
				BuildIndependentTargetsInParallel = 1;
				LastSwiftUpdateCheck = 1430;
				LastUpgradeCheck = 1430;
				TargetAttributes = {
					4C6451842A6A170900A85FA7 = {
						CreatedOnToolsVersion = 14.3.1;
					};
				};
			};
			buildConfigurationList = 4C6451802A6A170800A85FA7 /* Build configuration list for PBXProject "MarketCoins" */;
			compatibilityVersion = "Xcode 14.0";
			developmentRegion = en;
			hasScannedForEncodings = 0;
			knownRegions = (
				en,
				Base,
			);
			mainGroup = 4C64517C2A6A170800A85FA7;
			productRefGroup = 4C6451862A6A170900A85FA7 /* Products */;
			projectDirPath = "";
			projectRoot = "";
			targets = (
				4C6451842A6A170900A85FA7 /* MarketCoins */,
			);
		};
/* End PBXProject section */

/* Begin PBXResourcesBuildPhase section */
		4C6451832A6A170900A85FA7 /* Resources */ = {
			isa = PBXResourcesBuildPhase;
			buildActionMask = 2147483647;
			files = (
				4C6451952A6A176300A85FA7 /* LaunchScreen.storyboard in Resources */,
				4C6451922A6A176300A85FA7 /* Assets.xcassets in Resources */,
				4C6451902A6A170A00A85FA7 /* Main.storyboard in Resources */,
			);
			runOnlyForDeploymentPostprocessing = 0;
		};
/* End PBXResourcesBuildPhase section */

/* Begin PBXSourcesBuildPhase section */
		4C6451812A6A170900A85FA7 /* Sources */ = {
			isa = PBXSourcesBuildPhase;
			buildActionMask = 2147483647;
			files = (
				4C6451A42A6A303300A85FA7 /* MarketChartModel.swift in Sources */,
				4C6451A02A6A1ED000A85FA7 /* CoinModel.swift in Sources */,
				4C6451A62A6A317400A85FA7 /* GraphicDataModel.swift in Sources */,
				4C64518D2A6A170900A85FA7 /* ViewController.swift in Sources */,
				4C8B9A062A6B0BAF0012659D /* API.swift in Sources */,
				4C6451892A6A170900A85FA7 /* AppDelegate.swift in Sources */,
				4C6451AC2A6A341C00A85FA7 /* GeneticDataProvider.swift in Sources */,
				4C2F0AF22A83458100583A66 /* Extensions.swift in Sources */,
				4C8B9A082A6B0DB10012659D /* GeneticStore.swift in Sources */,
				4C6451A22A6A229800A85FA7 /* CurrentDataModel.swift in Sources */,
				4C6451A82A6A31FF00A85FA7 /* GlobalModel.swift in Sources */,
				4C64518B2A6A170900A85FA7 /* SceneDelegate.swift in Sources */,
			);
			runOnlyForDeploymentPostprocessing = 0;
		};
/* End PBXSourcesBuildPhase section */

/* Begin PBXVariantGroup section */
		4C64518E2A6A170A00A85FA7 /* Main.storyboard */ = {
			isa = PBXVariantGroup;
			children = (
				4C64518F2A6A170A00A85FA7 /* Base */,
			);
			name = Main.storyboard;
			sourceTree = "<group>";
		};
		4C6451932A6A176300A85FA7 /* LaunchScreen.storyboard */ = {
			isa = PBXVariantGroup;
			children = (
				4C6451942A6A176300A85FA7 /* Base */,
			);
			name = LaunchScreen.storyboard;
			sourceTree = "<group>";
		};
/* End PBXVariantGroup section */

/* Begin XCBuildConfiguration section */
		4C6451972A6A176300A85FA7 /* Debug */ = {
			isa = XCBuildConfiguration;
			buildSettings = {
				ALWAYS_SEARCH_USER_PATHS = NO;
				CLANG_ANALYZER_NONNULL = YES;
				CLANG_ANALYZER_NUMBER_OBJECT_CONVERSION = YES_AGGRESSIVE;
				CLANG_CXX_LANGUAGE_STANDARD = "gnu++20";
				CLANG_ENABLE_MODULES = YES;
				CLANG_ENABLE_OBJC_ARC = YES;
				CLANG_ENABLE_OBJC_WEAK = YES;
				CLANG_WARN_BLOCK_CAPTURE_AUTORELEASING = YES;
				CLANG_WARN_BOOL_CONVERSION = YES;
				CLANG_WARN_COMMA = YES;
				CLANG_WARN_CONSTANT_CONVERSION = YES;
				CLANG_WARN_DEPRECATED_OBJC_IMPLEMENTATIONS = YES;
				CLANG_WARN_DIRECT_OBJC_ISA_USAGE = YES_ERROR;
				CLANG_WARN_DOCUMENTATION_COMMENTS = YES;
				CLANG_WARN_EMPTY_BODY = YES;
				CLANG_WARN_ENUM_CONVERSION = YES;
				CLANG_WARN_INFINITE_RECURSION = YES;
				CLANG_WARN_INT_CONVERSION = YES;
				CLANG_WARN_NON_LITERAL_NULL_CONVERSION = YES;
				CLANG_WARN_OBJC_IMPLICIT_RETAIN_SELF = YES;
				CLANG_WARN_OBJC_LITERAL_CONVERSION = YES;
				CLANG_WARN_OBJC_ROOT_CLASS = YES_ERROR;
				CLANG_WARN_QUOTED_INCLUDE_IN_FRAMEWORK_HEADER = YES;
				CLANG_WARN_RANGE_LOOP_ANALYSIS = YES;
				CLANG_WARN_STRICT_PROTOTYPES = YES;
				CLANG_WARN_SUSPICIOUS_MOVE = YES;
				CLANG_WARN_UNGUARDED_AVAILABILITY = YES_AGGRESSIVE;
				CLANG_WARN_UNREACHABLE_CODE = YES;
				CLANG_WARN__DUPLICATE_METHOD_MATCH = YES;
				COPY_PHASE_STRIP = NO;
				DEBUG_INFORMATION_FORMAT = dwarf;
				ENABLE_STRICT_OBJC_MSGSEND = YES;
				ENABLE_TESTABILITY = YES;
				GCC_C_LANGUAGE_STANDARD = gnu11;
				GCC_DYNAMIC_NO_PIC = NO;
				GCC_NO_COMMON_BLOCKS = YES;
				GCC_OPTIMIZATION_LEVEL = 0;
				GCC_PREPROCESSOR_DEFINITIONS = (
					"DEBUG=1",
					"$(inherited)",
				);
				GCC_WARN_64_TO_32_BIT_CONVERSION = YES;
				GCC_WARN_ABOUT_RETURN_TYPE = YES_ERROR;
				GCC_WARN_UNDECLARED_SELECTOR = YES;
				GCC_WARN_UNINITIALIZED_AUTOS = YES_AGGRESSIVE;
				GCC_WARN_UNUSED_FUNCTION = YES;
				GCC_WARN_UNUSED_VARIABLE = YES;
				IPHONEOS_DEPLOYMENT_TARGET = 16.4;
				MTL_ENABLE_DEBUG_INFO = INCLUDE_SOURCE;
				MTL_FAST_MATH = YES;
				ONLY_ACTIVE_ARCH = YES;
				SDKROOT = iphoneos;
				SWIFT_ACTIVE_COMPILATION_CONDITIONS = DEBUG;
				SWIFT_OPTIMIZATION_LEVEL = "-Onone";
			};
			name = Debug;
		};
		4C6451982A6A176300A85FA7 /* Release */ = {
			isa = XCBuildConfiguration;
			buildSettings = {
				ALWAYS_SEARCH_USER_PATHS = NO;
				CLANG_ANALYZER_NONNULL = YES;
				CLANG_ANALYZER_NUMBER_OBJECT_CONVERSION = YES_AGGRESSIVE;
				CLANG_CXX_LANGUAGE_STANDARD = "gnu++20";
				CLANG_ENABLE_MODULES = YES;
				CLANG_ENABLE_OBJC_ARC = YES;
				CLANG_ENABLE_OBJC_WEAK = YES;
				CLANG_WARN_BLOCK_CAPTURE_AUTORELEASING = YES;
				CLANG_WARN_BOOL_CONVERSION = YES;
				CLANG_WARN_COMMA = YES;
				CLANG_WARN_CONSTANT_CONVERSION = YES;
				CLANG_WARN_DEPRECATED_OBJC_IMPLEMENTATIONS = YES;
				CLANG_WARN_DIRECT_OBJC_ISA_USAGE = YES_ERROR;
				CLANG_WARN_DOCUMENTATION_COMMENTS = YES;
				CLANG_WARN_EMPTY_BODY = YES;
				CLANG_WARN_ENUM_CONVERSION = YES;
				CLANG_WARN_INFINITE_RECURSION = YES;
				CLANG_WARN_INT_CONVERSION = YES;
				CLANG_WARN_NON_LITERAL_NULL_CONVERSION = YES;
				CLANG_WARN_OBJC_IMPLICIT_RETAIN_SELF = YES;
				CLANG_WARN_OBJC_LITERAL_CONVERSION = YES;
				CLANG_WARN_OBJC_ROOT_CLASS = YES_ERROR;
				CLANG_WARN_QUOTED_INCLUDE_IN_FRAMEWORK_HEADER = YES;
				CLANG_WARN_RANGE_LOOP_ANALYSIS = YES;
				CLANG_WARN_STRICT_PROTOTYPES = YES;
				CLANG_WARN_SUSPICIOUS_MOVE = YES;
				CLANG_WARN_UNGUARDED_AVAILABILITY = YES_AGGRESSIVE;
				CLANG_WARN_UNREACHABLE_CODE = YES;
				CLANG_WARN__DUPLICATE_METHOD_MATCH = YES;
				COPY_PHASE_STRIP = NO;
				DEBUG_INFORMATION_FORMAT = "dwarf-with-dsym";
				ENABLE_NS_ASSERTIONS = NO;
				ENABLE_STRICT_OBJC_MSGSEND = YES;
				GCC_C_LANGUAGE_STANDARD = gnu11;
				GCC_NO_COMMON_BLOCKS = YES;
				GCC_WARN_64_TO_32_BIT_CONVERSION = YES;
				GCC_WARN_ABOUT_RETURN_TYPE = YES_ERROR;
				GCC_WARN_UNDECLARED_SELECTOR = YES;
				GCC_WARN_UNINITIALIZED_AUTOS = YES_AGGRESSIVE;
				GCC_WARN_UNUSED_FUNCTION = YES;
				GCC_WARN_UNUSED_VARIABLE = YES;
				IPHONEOS_DEPLOYMENT_TARGET = 16.4;
				MTL_ENABLE_DEBUG_INFO = NO;
				MTL_FAST_MATH = YES;
				SDKROOT = iphoneos;
				SWIFT_COMPILATION_MODE = wholemodule;
				SWIFT_OPTIMIZATION_LEVEL = "-O";
				VALIDATE_PRODUCT = YES;
			};
			name = Release;
		};
		4C64519A2A6A176300A85FA7 /* Debug */ = {
			isa = XCBuildConfiguration;
			buildSettings = {
				ASSETCATALOG_COMPILER_APPICON_NAME = AppIcon;
				ASSETCATALOG_COMPILER_GLOBAL_ACCENT_COLOR_NAME = AccentColor;
				CODE_SIGN_STYLE = Automatic;
				CURRENT_PROJECT_VERSION = 1;
				GENERATE_INFOPLIST_FILE = YES;
				INFOPLIST_FILE = MarketCoins/Info.plist;
				INFOPLIST_KEY_LSApplicationCategoryType = "public.app-category.finance";
				INFOPLIST_KEY_UIApplicationSupportsIndirectInputEvents = YES;
				INFOPLIST_KEY_UILaunchStoryboardName = LaunchScreen;
				INFOPLIST_KEY_UIMainStoryboardFile = Main;
				INFOPLIST_KEY_UISupportedInterfaceOrientations = UIInterfaceOrientationPortrait;
				INFOPLIST_KEY_UISupportedInterfaceOrientations_iPad = "UIInterfaceOrientationLandscapeLeft UIInterfaceOrientationLandscapeRight UIInterfaceOrientationPortrait UIInterfaceOrientationPortraitUpsideDown";
				IPHONEOS_DEPLOYMENT_TARGET = 13.0;
				LD_RUNPATH_SEARCH_PATHS = (
					"$(inherited)",
					"@executable_path/Frameworks",
				);
				MARKETING_VERSION = 1.0;
				PRODUCT_BUNDLE_IDENTIFIER = dio.mcznh.MarketCoins;
				PRODUCT_NAME = "$(TARGET_NAME)";
				SUPPORTED_PLATFORMS = "iphoneos iphonesimulator";
				SUPPORTS_MACCATALYST = NO;
				SUPPORTS_MAC_DESIGNED_FOR_IPHONE_IPAD = NO;
				SWIFT_EMIT_LOC_STRINGS = YES;
				SWIFT_VERSION = 5.0;
				TARGETED_DEVICE_FAMILY = 1;
			};
			name = Debug;
		};
		4C64519B2A6A176300A85FA7 /* Release */ = {
			isa = XCBuildConfiguration;
			buildSettings = {
				ASSETCATALOG_COMPILER_APPICON_NAME = AppIcon;
				ASSETCATALOG_COMPILER_GLOBAL_ACCENT_COLOR_NAME = AccentColor;
				CODE_SIGN_STYLE = Automatic;
				CURRENT_PROJECT_VERSION = 1;
				GENERATE_INFOPLIST_FILE = YES;
				INFOPLIST_FILE = MarketCoins/Info.plist;
				INFOPLIST_KEY_LSApplicationCategoryType = "public.app-category.finance";
				INFOPLIST_KEY_UIApplicationSupportsIndirectInputEvents = YES;
				INFOPLIST_KEY_UILaunchStoryboardName = LaunchScreen;
				INFOPLIST_KEY_UIMainStoryboardFile = Main;
				INFOPLIST_KEY_UISupportedInterfaceOrientations = UIInterfaceOrientationPortrait;
				INFOPLIST_KEY_UISupportedInterfaceOrientations_iPad = "UIInterfaceOrientationLandscapeLeft UIInterfaceOrientationLandscapeRight UIInterfaceOrientationPortrait UIInterfaceOrientationPortraitUpsideDown";
				IPHONEOS_DEPLOYMENT_TARGET = 13.0;
				LD_RUNPATH_SEARCH_PATHS = (
					"$(inherited)",
					"@executable_path/Frameworks",
				);
				MARKETING_VERSION = 1.0;
				PRODUCT_BUNDLE_IDENTIFIER = dio.mcznh.MarketCoins;
				PRODUCT_NAME = "$(TARGET_NAME)";
				SUPPORTED_PLATFORMS = "iphoneos iphonesimulator";
				SUPPORTS_MACCATALYST = NO;
				SUPPORTS_MAC_DESIGNED_FOR_IPHONE_IPAD = NO;
				SWIFT_EMIT_LOC_STRINGS = YES;
				SWIFT_VERSION = 5.0;
				TARGETED_DEVICE_FAMILY = 1;
			};
			name = Release;
		};
/* End XCBuildConfiguration section */

/* Begin XCConfigurationList section */
		4C6451802A6A170800A85FA7 /* Build configuration list for PBXProject "MarketCoins" */ = {
			isa = XCConfigurationList;
			buildConfigurations = (
				4C6451972A6A176300A85FA7 /* Debug */,
				4C6451982A6A176300A85FA7 /* Release */,
			);
			defaultConfigurationIsVisible = 0;
			defaultConfigurationName = Release;
		};
		4C6451992A6A176300A85FA7 /* Build configuration list for PBXNativeTarget "MarketCoins" */ = {
			isa = XCConfigurationList;
			buildConfigurations = (
				4C64519A2A6A176300A85FA7 /* Debug */,
				4C64519B2A6A176300A85FA7 /* Release */,
			);
			defaultConfigurationIsVisible = 0;
			defaultConfigurationName = Release;
		};
/* End XCConfigurationList section */
	};
	rootObject = 4C64517D2A6A170800A85FA7 /* Project object */;
}
